// !$*UTF8*$!
{
	archiveVersion = 1;
	classes = {
	};
	objectVersion = 46;
	objects = {

/* Begin PBXBuildFile section */
		24C024031E907F8D003147DE /* AppDelegate.swift in Sources */ = {isa = PBXBuildFile; fileRef = 24C024021E907F8D003147DE /* AppDelegate.swift */; };
		24C024051E907F8D003147DE /* ViewController.swift in Sources */ = {isa = PBXBuildFile; fileRef = 24C024041E907F8D003147DE /* ViewController.swift */; };
		24C024081E907F8D003147DE /* Main.storyboard in Resources */ = {isa = PBXBuildFile; fileRef = 24C024061E907F8D003147DE /* Main.storyboard */; };
		24C0240A1E907F8D003147DE /* Assets.xcassets in Resources */ = {isa = PBXBuildFile; fileRef = 24C024091E907F8D003147DE /* Assets.xcassets */; };
		24C0240D1E907F8D003147DE /* LaunchScreen.storyboard in Resources */ = {isa = PBXBuildFile; fileRef = 24C0240B1E907F8D003147DE /* LaunchScreen.storyboard */; };
		24C024181E907F8D003147DE /* FacebookTestTests.swift in Sources */ = {isa = PBXBuildFile; fileRef = 24C024171E907F8D003147DE /* FacebookTestTests.swift */; };
		24C024231E907F8D003147DE /* FacebookTestUITests.swift in Sources */ = {isa = PBXBuildFile; fileRef = 24C024221E907F8D003147DE /* FacebookTestUITests.swift */; };
		24C024311E908A9F003147DE /* FBSDKLoginKit.framework in Frameworks */ = {isa = PBXBuildFile; fileRef = 24C024301E908A9F003147DE /* FBSDKLoginKit.framework */; };
		24C024331E9AE28D003147DE /* ProfileViewController.swift in Sources */ = {isa = PBXBuildFile; fileRef = 24C024321E9AE28D003147DE /* ProfileViewController.swift */; };
		99333D5B06CAF8E7CAD6C96F /* Pods_FacebookTestUITests.framework in Frameworks */ = {isa = PBXBuildFile; fileRef = 56FB76A60D549D4F33EA74CD /* Pods_FacebookTestUITests.framework */; };
		A60521BDFC4F5AA408869FE0 /* Pods_FacebookTest.framework in Frameworks */ = {isa = PBXBuildFile; fileRef = D9F886EA5BC93C184DE77054 /* Pods_FacebookTest.framework */; };
		FF94B72E10740DA8E96EF82B /* Pods_FacebookTestTests.framework in Frameworks */ = {isa = PBXBuildFile; fileRef = A2D9A591D0331859BD7CBE37 /* Pods_FacebookTestTests.framework */; };
/* End PBXBuildFile section */

/* Begin PBXContainerItemProxy section */
		24C024141E907F8D003147DE /* PBXContainerItemProxy */ = {
			isa = PBXContainerItemProxy;
			containerPortal = 24C023F71E907F8C003147DE /* Project object */;
			proxyType = 1;
			remoteGlobalIDString = 24C023FE1E907F8C003147DE;
			remoteInfo = FacebookTest;
		};
		24C0241F1E907F8D003147DE /* PBXContainerItemProxy */ = {
			isa = PBXContainerItemProxy;
			containerPortal = 24C023F71E907F8C003147DE /* Project object */;
			proxyType = 1;
			remoteGlobalIDString = 24C023FE1E907F8C003147DE;
			remoteInfo = FacebookTest;
		};
/* End PBXContainerItemProxy section */

/* Begin PBXFileReference section */
		24C023FF1E907F8C003147DE /* FacebookTest.app */ = {isa = PBXFileReference; explicitFileType = wrapper.application; includeInIndex = 0; path = FacebookTest.app; sourceTree = BUILT_PRODUCTS_DIR; };
		24C024021E907F8D003147DE /* AppDelegate.swift */ = {isa = PBXFileReference; lastKnownFileType = sourcecode.swift; path = AppDelegate.swift; sourceTree = "<group>"; };
		24C024041E907F8D003147DE /* ViewController.swift */ = {isa = PBXFileReference; lastKnownFileType = sourcecode.swift; path = ViewController.swift; sourceTree = "<group>"; };
		24C024071E907F8D003147DE /* Base */ = {isa = PBXFileReference; lastKnownFileType = file.storyboard; name = Base; path = Base.lproj/Main.storyboard; sourceTree = "<group>"; };
		24C024091E907F8D003147DE /* Assets.xcassets */ = {isa = PBXFileReference; lastKnownFileType = folder.assetcatalog; path = Assets.xcassets; sourceTree = "<group>"; };
		24C0240C1E907F8D003147DE /* Base */ = {isa = PBXFileReference; lastKnownFileType = file.storyboard; name = Base; path = Base.lproj/LaunchScreen.storyboard; sourceTree = "<group>"; };
		24C0240E1E907F8D003147DE /* Info.plist */ = {isa = PBXFileReference; lastKnownFileType = text.plist.xml; path = Info.plist; sourceTree = "<group>"; };
		24C024131E907F8D003147DE /* FacebookTestTests.xctest */ = {isa = PBXFileReference; explicitFileType = wrapper.cfbundle; includeInIndex = 0; path = FacebookTestTests.xctest; sourceTree = BUILT_PRODUCTS_DIR; };
		24C024171E907F8D003147DE /* FacebookTestTests.swift */ = {isa = PBXFileReference; lastKnownFileType = sourcecode.swift; path = FacebookTestTests.swift; sourceTree = "<group>"; };
		24C024191E907F8D003147DE /* Info.plist */ = {isa = PBXFileReference; lastKnownFileType = text.plist.xml; path = Info.plist; sourceTree = "<group>"; };
		24C0241E1E907F8D003147DE /* FacebookTestUITests.xctest */ = {isa = PBXFileReference; explicitFileType = wrapper.cfbundle; includeInIndex = 0; path = FacebookTestUITests.xctest; sourceTree = BUILT_PRODUCTS_DIR; };
		24C024221E907F8D003147DE /* FacebookTestUITests.swift */ = {isa = PBXFileReference; lastKnownFileType = sourcecode.swift; path = FacebookTestUITests.swift; sourceTree = "<group>"; };
		24C024241E907F8D003147DE /* Info.plist */ = {isa = PBXFileReference; lastKnownFileType = text.plist.xml; path = Info.plist; sourceTree = "<group>"; };
		24C024301E908A9F003147DE /* FBSDKLoginKit.framework */ = {isa = PBXFileReference; lastKnownFileType = wrapper.framework; path = FBSDKLoginKit.framework; sourceTree = "<group>"; };
		24C024321E9AE28D003147DE /* ProfileViewController.swift */ = {isa = PBXFileReference; fileEncoding = 4; lastKnownFileType = sourcecode.swift; path = ProfileViewController.swift; sourceTree = "<group>"; };
		4196C1F1671672261BD11FF9 /* Pods-FacebookTestTests.debug.xcconfig */ = {isa = PBXFileReference; includeInIndex = 1; lastKnownFileType = text.xcconfig; name = "Pods-FacebookTestTests.debug.xcconfig"; path = "Pods/Target Support Files/Pods-FacebookTestTests/Pods-FacebookTestTests.debug.xcconfig"; sourceTree = "<group>"; };
		4DF41144A2F58FE3CD1A24CF /* Pods-FacebookTestTests.release.xcconfig */ = {isa = PBXFileReference; includeInIndex = 1; lastKnownFileType = text.xcconfig; name = "Pods-FacebookTestTests.release.xcconfig"; path = "Pods/Target Support Files/Pods-FacebookTestTests/Pods-FacebookTestTests.release.xcconfig"; sourceTree = "<group>"; };
		56FB76A60D549D4F33EA74CD /* Pods_FacebookTestUITests.framework */ = {isa = PBXFileReference; explicitFileType = wrapper.framework; includeInIndex = 0; path = Pods_FacebookTestUITests.framework; sourceTree = BUILT_PRODUCTS_DIR; };
		8623B6051939BB5CBBDE03CD /* Pods-FacebookTest.debug.xcconfig */ = {isa = PBXFileReference; includeInIndex = 1; lastKnownFileType = text.xcconfig; name = "Pods-FacebookTest.debug.xcconfig"; path = "Pods/Target Support Files/Pods-FacebookTest/Pods-FacebookTest.debug.xcconfig"; sourceTree = "<group>"; };
		91A9235A17A537C4FA627CD4 /* Pods-FacebookTest.release.xcconfig */ = {isa = PBXFileReference; includeInIndex = 1; lastKnownFileType = text.xcconfig; name = "Pods-FacebookTest.release.xcconfig"; path = "Pods/Target Support Files/Pods-FacebookTest/Pods-FacebookTest.release.xcconfig"; sourceTree = "<group>"; };
		A2D9A591D0331859BD7CBE37 /* Pods_FacebookTestTests.framework */ = {isa = PBXFileReference; explicitFileType = wrapper.framework; includeInIndex = 0; path = Pods_FacebookTestTests.framework; sourceTree = BUILT_PRODUCTS_DIR; };
		A78ADA2F12416C05F6B4FC79 /* Pods-FacebookTestUITests.release.xcconfig */ = {isa = PBXFileReference; includeInIndex = 1; lastKnownFileType = text.xcconfig; name = "Pods-FacebookTestUITests.release.xcconfig"; path = "Pods/Target Support Files/Pods-FacebookTestUITests/Pods-FacebookTestUITests.release.xcconfig"; sourceTree = "<group>"; };
		D9F886EA5BC93C184DE77054 /* Pods_FacebookTest.framework */ = {isa = PBXFileReference; explicitFileType = wrapper.framework; includeInIndex = 0; path = Pods_FacebookTest.framework; sourceTree = BUILT_PRODUCTS_DIR; };
		DE6CCE9517C0E480604B6933 /* Pods-FacebookTestUITests.debug.xcconfig */ = {isa = PBXFileReference; includeInIndex = 1; lastKnownFileType = text.xcconfig; name = "Pods-FacebookTestUITests.debug.xcconfig"; path = "Pods/Target Support Files/Pods-FacebookTestUITests/Pods-FacebookTestUITests.debug.xcconfig"; sourceTree = "<group>"; };
/* End PBXFileReference section */

/* Begin PBXFrameworksBuildPhase section */
		24C023FC1E907F8C003147DE /* Frameworks */ = {
			isa = PBXFrameworksBuildPhase;
			buildActionMask = 2147483647;
			files = (
				24C024311E908A9F003147DE /* FBSDKLoginKit.framework in Frameworks */,
				A60521BDFC4F5AA408869FE0 /* Pods_FacebookTest.framework in Frameworks */,
			);
			runOnlyForDeploymentPostprocessing = 0;
		};
		24C024101E907F8D003147DE /* Frameworks */ = {
			isa = PBXFrameworksBuildPhase;
			buildActionMask = 2147483647;
			files = (
				FF94B72E10740DA8E96EF82B /* Pods_FacebookTestTests.framework in Frameworks */,
			);
			runOnlyForDeploymentPostprocessing = 0;
		};
		24C0241B1E907F8D003147DE /* Frameworks */ = {
			isa = PBXFrameworksBuildPhase;
			buildActionMask = 2147483647;
			files = (
				99333D5B06CAF8E7CAD6C96F /* Pods_FacebookTestUITests.framework in Frameworks */,
			);
			runOnlyForDeploymentPostprocessing = 0;
		};
/* End PBXFrameworksBuildPhase section */

/* Begin PBXGroup section */
		04085D977B54273C2FCF13BC /* Pods */ = {
			isa = PBXGroup;
			children = (
				8623B6051939BB5CBBDE03CD /* Pods-FacebookTest.debug.xcconfig */,
				91A9235A17A537C4FA627CD4 /* Pods-FacebookTest.release.xcconfig */,
				4196C1F1671672261BD11FF9 /* Pods-FacebookTestTests.debug.xcconfig */,
				4DF41144A2F58FE3CD1A24CF /* Pods-FacebookTestTests.release.xcconfig */,
				DE6CCE9517C0E480604B6933 /* Pods-FacebookTestUITests.debug.xcconfig */,
				A78ADA2F12416C05F6B4FC79 /* Pods-FacebookTestUITests.release.xcconfig */,
			);
			name = Pods;
			sourceTree = "<group>";
		};
		24C023F61E907F8C003147DE = {
			isa = PBXGroup;
			children = (
				24C024011E907F8C003147DE /* FacebookTest */,
				24C024161E907F8D003147DE /* FacebookTestTests */,
				24C024211E907F8D003147DE /* FacebookTestUITests */,
				24C024001E907F8C003147DE /* Products */,
				04085D977B54273C2FCF13BC /* Pods */,
				5A611C78FA1C3D7AC691C8D8 /* Frameworks */,
			);
			sourceTree = "<group>";
		};
		24C024001E907F8C003147DE /* Products */ = {
			isa = PBXGroup;
			children = (
				24C023FF1E907F8C003147DE /* FacebookTest.app */,
				24C024131E907F8D003147DE /* FacebookTestTests.xctest */,
				24C0241E1E907F8D003147DE /* FacebookTestUITests.xctest */,
			);
			name = Products;
			sourceTree = "<group>";
		};
		24C024011E907F8C003147DE /* FacebookTest */ = {
			isa = PBXGroup;
			children = (
				24C024021E907F8D003147DE /* AppDelegate.swift */,
				24C024041E907F8D003147DE /* ViewController.swift */,
				24C024061E907F8D003147DE /* Main.storyboard */,
				24C024091E907F8D003147DE /* Assets.xcassets */,
				24C0240B1E907F8D003147DE /* LaunchScreen.storyboard */,
				24C0240E1E907F8D003147DE /* Info.plist */,
				24C024321E9AE28D003147DE /* ProfileViewController.swift */,
			);
			path = FacebookTest;
			sourceTree = "<group>";
		};
		24C024161E907F8D003147DE /* FacebookTestTests */ = {
			isa = PBXGroup;
			children = (
				24C024171E907F8D003147DE /* FacebookTestTests.swift */,
				24C024191E907F8D003147DE /* Info.plist */,
			);
			path = FacebookTestTests;
			sourceTree = "<group>";
		};
		24C024211E907F8D003147DE /* FacebookTestUITests */ = {
			isa = PBXGroup;
			children = (
				24C024221E907F8D003147DE /* FacebookTestUITests.swift */,
				24C024241E907F8D003147DE /* Info.plist */,
			);
			path = FacebookTestUITests;
			sourceTree = "<group>";
		};
		5A611C78FA1C3D7AC691C8D8 /* Frameworks */ = {
			isa = PBXGroup;
			children = (
				24C024301E908A9F003147DE /* FBSDKLoginKit.framework */,
				D9F886EA5BC93C184DE77054 /* Pods_FacebookTest.framework */,
				A2D9A591D0331859BD7CBE37 /* Pods_FacebookTestTests.framework */,
				56FB76A60D549D4F33EA74CD /* Pods_FacebookTestUITests.framework */,
			);
			name = Frameworks;
			sourceTree = "<group>";
		};
/* End PBXGroup section */

/* Begin PBXNativeTarget section */
		24C023FE1E907F8C003147DE /* FacebookTest */ = {
			isa = PBXNativeTarget;
			buildConfigurationList = 24C024271E907F8D003147DE /* Build configuration list for PBXNativeTarget "FacebookTest" */;
			buildPhases = (
				338FF5BE3A6E238B911F67EB /* [CP] Check Pods Manifest.lock */,
				24C023FB1E907F8C003147DE /* Sources */,
				24C023FC1E907F8C003147DE /* Frameworks */,
				24C023FD1E907F8C003147DE /* Resources */,
				6A99E992A243343CB6905194 /* [CP] Embed Pods Frameworks */,
				EC169A34D77EA6B4E91B2CAA /* [CP] Copy Pods Resources */,
			);
			buildRules = (
			);
			dependencies = (
			);
			name = FacebookTest;
			productName = FacebookTest;
			productReference = 24C023FF1E907F8C003147DE /* FacebookTest.app */;
			productType = "com.apple.product-type.application";
		};
		24C024121E907F8D003147DE /* FacebookTestTests */ = {
			isa = PBXNativeTarget;
			buildConfigurationList = 24C0242A1E907F8D003147DE /* Build configuration list for PBXNativeTarget "FacebookTestTests" */;
			buildPhases = (
				DCF3FDD1E4DCACB701522785 /* [CP] Check Pods Manifest.lock */,
				24C0240F1E907F8D003147DE /* Sources */,
				24C024101E907F8D003147DE /* Frameworks */,
				24C024111E907F8D003147DE /* Resources */,
				01EE982D3926D73EB506CDA1 /* [CP] Embed Pods Frameworks */,
				9D0ED171DEC620E8ABA0CBF7 /* [CP] Copy Pods Resources */,
			);
			buildRules = (
			);
			dependencies = (
				24C024151E907F8D003147DE /* PBXTargetDependency */,
			);
			name = FacebookTestTests;
			productName = FacebookTestTests;
			productReference = 24C024131E907F8D003147DE /* FacebookTestTests.xctest */;
			productType = "com.apple.product-type.bundle.unit-test";
		};
		24C0241D1E907F8D003147DE /* FacebookTestUITests */ = {
			isa = PBXNativeTarget;
			buildConfigurationList = 24C0242D1E907F8D003147DE /* Build configuration list for PBXNativeTarget "FacebookTestUITests" */;
			buildPhases = (
				609EB4018D460E3B4BB7F698 /* [CP] Check Pods Manifest.lock */,
				24C0241A1E907F8D003147DE /* Sources */,
				24C0241B1E907F8D003147DE /* Frameworks */,
				24C0241C1E907F8D003147DE /* Resources */,
				EC83ED1A076E80FF2BD18F9A /* [CP] Embed Pods Frameworks */,
				348D72494068C79752DCC4AD /* [CP] Copy Pods Resources */,
			);
			buildRules = (
			);
			dependencies = (
				24C024201E907F8D003147DE /* PBXTargetDependency */,
			);
			name = FacebookTestUITests;
			productName = FacebookTestUITests;
			productReference = 24C0241E1E907F8D003147DE /* FacebookTestUITests.xctest */;
			productType = "com.apple.product-type.bundle.ui-testing";
		};
/* End PBXNativeTarget section */

/* Begin PBXProject section */
		24C023F71E907F8C003147DE /* Project object */ = {
			isa = PBXProject;
			attributes = {
				LastSwiftUpdateCheck = 0820;
				LastUpgradeCheck = 0820;
				ORGANIZATIONNAME = "Jeffrey Gu";
				TargetAttributes = {
					24C023FE1E907F8C003147DE = {
						CreatedOnToolsVersion = 8.2.1;
						DevelopmentTeam = 22EPVXFNZ8;
						ProvisioningStyle = Automatic;
					};
					24C024121E907F8D003147DE = {
						CreatedOnToolsVersion = 8.2.1;
						ProvisioningStyle = Automatic;
						TestTargetID = 24C023FE1E907F8C003147DE;
					};
					24C0241D1E907F8D003147DE = {
						CreatedOnToolsVersion = 8.2.1;
						ProvisioningStyle = Automatic;
						TestTargetID = 24C023FE1E907F8C003147DE;
					};
				};
			};
			buildConfigurationList = 24C023FA1E907F8C003147DE /* Build configuration list for PBXProject "FacebookTest" */;
			compatibilityVersion = "Xcode 3.2";
			developmentRegion = English;
			hasScannedForEncodings = 0;
			knownRegions = (
				en,
				Base,
			);
			mainGroup = 24C023F61E907F8C003147DE;
			productRefGroup = 24C024001E907F8C003147DE /* Products */;
			projectDirPath = "";
			projectRoot = "";
			targets = (
				24C023FE1E907F8C003147DE /* FacebookTest */,
				24C024121E907F8D003147DE /* FacebookTestTests */,
				24C0241D1E907F8D003147DE /* FacebookTestUITests */,
			);
		};
/* End PBXProject section */

/* Begin PBXResourcesBuildPhase section */
		24C023FD1E907F8C003147DE /* Resources */ = {
			isa = PBXResourcesBuildPhase;
			buildActionMask = 2147483647;
			files = (
				24C0240D1E907F8D003147DE /* LaunchScreen.storyboard in Resources */,
				24C0240A1E907F8D003147DE /* Assets.xcassets in Resources */,
				24C024081E907F8D003147DE /* Main.storyboard in Resources */,
			);
			runOnlyForDeploymentPostprocessing = 0;
		};
		24C024111E907F8D003147DE /* Resources */ = {
			isa = PBXResourcesBuildPhase;
			buildActionMask = 2147483647;
			files = (
			);
			runOnlyForDeploymentPostprocessing = 0;
		};
		24C0241C1E907F8D003147DE /* Resources */ = {
			isa = PBXResourcesBuildPhase;
			buildActionMask = 2147483647;
			files = (
			);
			runOnlyForDeploymentPostprocessing = 0;
		};
/* End PBXResourcesBuildPhase section */

/* Begin PBXShellScriptBuildPhase section */
		01EE982D3926D73EB506CDA1 /* [CP] Embed Pods Frameworks */ = {
			isa = PBXShellScriptBuildPhase;
			buildActionMask = 2147483647;
			files = (
			);
			inputPaths = (
			);
			name = "[CP] Embed Pods Frameworks";
			outputPaths = (
			);
			runOnlyForDeploymentPostprocessing = 0;
			shellPath = /bin/sh;
			shellScript = "\"${SRCROOT}/Pods/Target Support Files/Pods-FacebookTestTests/Pods-FacebookTestTests-frameworks.sh\"\n";
			showEnvVarsInLog = 0;
		};
		338FF5BE3A6E238B911F67EB /* [CP] Check Pods Manifest.lock */ = {
			isa = PBXShellScriptBuildPhase;
			buildActionMask = 2147483647;
			files = (
			);
			inputPaths = (
			);
			name = "[CP] Check Pods Manifest.lock";
			outputPaths = (
			);
			runOnlyForDeploymentPostprocessing = 0;
			shellPath = /bin/sh;
			shellScript = "diff \"${PODS_ROOT}/../Podfile.lock\" \"${PODS_ROOT}/Manifest.lock\" > /dev/null\nif [ $? != 0 ] ; then\n    # print error to STDERR\n    echo \"error: The sandbox is not in sync with the Podfile.lock. Run 'pod install' or update your CocoaPods installation.\" >&2\n    exit 1\nfi\n";
			showEnvVarsInLog = 0;
		};
		348D72494068C79752DCC4AD /* [CP] Copy Pods Resources */ = {
			isa = PBXShellScriptBuildPhase;
			buildActionMask = 2147483647;
			files = (
			);
			inputPaths = (
			);
			name = "[CP] Copy Pods Resources";
			outputPaths = (
			);
			runOnlyForDeploymentPostprocessing = 0;
			shellPath = /bin/sh;
			shellScript = "\"${SRCROOT}/Pods/Target Support Files/Pods-FacebookTestUITests/Pods-FacebookTestUITests-resources.sh\"\n";
			showEnvVarsInLog = 0;
		};
		609EB4018D460E3B4BB7F698 /* [CP] Check Pods Manifest.lock */ = {
			isa = PBXShellScriptBuildPhase;
			buildActionMask = 2147483647;
			files = (
			);
			inputPaths = (
			);
			name = "[CP] Check Pods Manifest.lock";
			outputPaths = (
			);
			runOnlyForDeploymentPostprocessing = 0;
			shellPath = /bin/sh;
			shellScript = "diff \"${PODS_ROOT}/../Podfile.lock\" \"${PODS_ROOT}/Manifest.lock\" > /dev/null\nif [ $? != 0 ] ; then\n    # print error to STDERR\n    echo \"error: The sandbox is not in sync with the Podfile.lock. Run 'pod install' or update your CocoaPods installation.\" >&2\n    exit 1\nfi\n";
			showEnvVarsInLog = 0;
		};
		6A99E992A243343CB6905194 /* [CP] Embed Pods Frameworks */ = {
			isa = PBXShellScriptBuildPhase;
			buildActionMask = 2147483647;
			files = (
			);
			inputPaths = (
			);
			name = "[CP] Embed Pods Frameworks";
			outputPaths = (
			);
			runOnlyForDeploymentPostprocessing = 0;
			shellPath = /bin/sh;
			shellScript = "\"${SRCROOT}/Pods/Target Support Files/Pods-FacebookTest/Pods-FacebookTest-frameworks.sh\"\n";
			showEnvVarsInLog = 0;
		};
		9D0ED171DEC620E8ABA0CBF7 /* [CP] Copy Pods Resources */ = {
			isa = PBXShellScriptBuildPhase;
			buildActionMask = 2147483647;
			files = (
			);
			inputPaths = (
			);
			name = "[CP] Copy Pods Resources";
			outputPaths = (
			);
			runOnlyForDeploymentPostprocessing = 0;
			shellPath = /bin/sh;
			shellScript = "\"${SRCROOT}/Pods/Target Support Files/Pods-FacebookTestTests/Pods-FacebookTestTests-resources.sh\"\n";
			showEnvVarsInLog = 0;
		};
		DCF3FDD1E4DCACB701522785 /* [CP] Check Pods Manifest.lock */ = {
			isa = PBXShellScriptBuildPhase;
			buildActionMask = 2147483647;
			files = (
			);
			inputPaths = (
			);
			name = "[CP] Check Pods Manifest.lock";
			outputPaths = (
			);
			runOnlyForDeploymentPostprocessing = 0;
			shellPath = /bin/sh;
			shellScript = "diff \"${PODS_ROOT}/../Podfile.lock\" \"${PODS_ROOT}/Manifest.lock\" > /dev/null\nif [ $? != 0 ] ; then\n    # print error to STDERR\n    echo \"error: The sandbox is not in sync with the Podfile.lock. Run 'pod install' or update your CocoaPods installation.\" >&2\n    exit 1\nfi\n";
			showEnvVarsInLog = 0;
		};
		EC169A34D77EA6B4E91B2CAA /* [CP] Copy Pods Resources */ = {
			isa = PBXShellScriptBuildPhase;
			buildActionMask = 2147483647;
			files = (
			);
			inputPaths = (
			);
			name = "[CP] Copy Pods Resources";
			outputPaths = (
			);
			runOnlyForDeploymentPostprocessing = 0;
			shellPath = /bin/sh;
			shellScript = "\"${SRCROOT}/Pods/Target Support Files/Pods-FacebookTest/Pods-FacebookTest-resources.sh\"\n";
			showEnvVarsInLog = 0;
		};
		EC83ED1A076E80FF2BD18F9A /* [CP] Embed Pods Frameworks */ = {
			isa = PBXShellScriptBuildPhase;
			buildActionMask = 2147483647;
			files = (
			);
			inputPaths = (
			);
			name = "[CP] Embed Pods Frameworks";
			outputPaths = (
			);
			runOnlyForDeploymentPostprocessing = 0;
			shellPath = /bin/sh;
			shellScript = "\"${SRCROOT}/Pods/Target Support Files/Pods-FacebookTestUITests/Pods-FacebookTestUITests-frameworks.sh\"\n";
			showEnvVarsInLog = 0;
		};
/* End PBXShellScriptBuildPhase section */

/* Begin PBXSourcesBuildPhase section */
		24C023FB1E907F8C003147DE /* Sources */ = {
			isa = PBXSourcesBuildPhase;
			buildActionMask = 2147483647;
			files = (
				24C024331E9AE28D003147DE /* ProfileViewController.swift in Sources */,
				24C024051E907F8D003147DE /* ViewController.swift in Sources */,
				24C024031E907F8D003147DE /* AppDelegate.swift in Sources */,
			);
			runOnlyForDeploymentPostprocessing = 0;
		};
		24C0240F1E907F8D003147DE /* Sources */ = {
			isa = PBXSourcesBuildPhase;
			buildActionMask = 2147483647;
			files = (
				24C024181E907F8D003147DE /* FacebookTestTests.swift in Sources */,
			);
			runOnlyForDeploymentPostprocessing = 0;
		};
		24C0241A1E907F8D003147DE /* Sources */ = {
			isa = PBXSourcesBuildPhase;
			buildActionMask = 2147483647;
			files = (
				24C024231E907F8D003147DE /* FacebookTestUITests.swift in Sources */,
			);
			runOnlyForDeploymentPostprocessing = 0;
		};
/* End PBXSourcesBuildPhase section */

/* Begin PBXTargetDependency section */
		24C024151E907F8D003147DE /* PBXTargetDependency */ = {
			isa = PBXTargetDependency;
			target = 24C023FE1E907F8C003147DE /* FacebookTest */;
			targetProxy = 24C024141E907F8D003147DE /* PBXContainerItemProxy */;
		};
		24C024201E907F8D003147DE /* PBXTargetDependency */ = {
			isa = PBXTargetDependency;
			target = 24C023FE1E907F8C003147DE /* FacebookTest */;
			targetProxy = 24C0241F1E907F8D003147DE /* PBXContainerItemProxy */;
		};
/* End PBXTargetDependency section */

/* Begin PBXVariantGroup section */
		24C024061E907F8D003147DE /* Main.storyboard */ = {
			isa = PBXVariantGroup;
			children = (
				24C024071E907F8D003147DE /* Base */,
			);
			name = Main.storyboard;
			sourceTree = "<group>";
		};
		24C0240B1E907F8D003147DE /* LaunchScreen.storyboard */ = {
			isa = PBXVariantGroup;
			children = (
				24C0240C1E907F8D003147DE /* Base */,
			);
			name = LaunchScreen.storyboard;
			sourceTree = "<group>";
		};
/* End PBXVariantGroup section */

/* Begin XCBuildConfiguration section */
		24C024251E907F8D003147DE /* Debug */ = {
			isa = XCBuildConfiguration;
			buildSettings = {
				ALWAYS_SEARCH_USER_PATHS = NO;
				CLANG_ANALYZER_NONNULL = YES;
				CLANG_CXX_LANGUAGE_STANDARD = "gnu++0x";
				CLANG_CXX_LIBRARY = "libc++";
				CLANG_ENABLE_MODULES = YES;
				CLANG_ENABLE_OBJC_ARC = YES;
				CLANG_WARN_BOOL_CONVERSION = YES;
				CLANG_WARN_CONSTANT_CONVERSION = YES;
				CLANG_WARN_DIRECT_OBJC_ISA_USAGE = YES_ERROR;
				CLANG_WARN_DOCUMENTATION_COMMENTS = YES;
				CLANG_WARN_EMPTY_BODY = YES;
				CLANG_WARN_ENUM_CONVERSION = YES;
				CLANG_WARN_INFINITE_RECURSION = YES;
				CLANG_WARN_INT_CONVERSION = YES;
				CLANG_WARN_OBJC_ROOT_CLASS = YES_ERROR;
				CLANG_WARN_SUSPICIOUS_MOVE = YES;
				CLANG_WARN_UNREACHABLE_CODE = YES;
				CLANG_WARN__DUPLICATE_METHOD_MATCH = YES;
				"CODE_SIGN_IDENTITY[sdk=iphoneos*]" = "iPhone Developer";
				COPY_PHASE_STRIP = NO;
				DEBUG_INFORMATION_FORMAT = dwarf;
				ENABLE_STRICT_OBJC_MSGSEND = YES;
				ENABLE_TESTABILITY = YES;
				GCC_C_LANGUAGE_STANDARD = gnu99;
				GCC_DYNAMIC_NO_PIC = NO;
				GCC_NO_COMMON_BLOCKS = YES;
				GCC_OPTIMIZATION_LEVEL = 0;
				GCC_PREPROCESSOR_DEFINITIONS = (
					"DEBUG=1",
					"$(inherited)",
				);
				GCC_WARN_64_TO_32_BIT_CONVERSION = YES;
				GCC_WARN_ABOUT_RETURN_TYPE = YES_ERROR;
				GCC_WARN_UNDECLARED_SELECTOR = YES;
				GCC_WARN_UNINITIALIZED_AUTOS = YES_AGGRESSIVE;
				GCC_WARN_UNUSED_FUNCTION = YES;
				GCC_WARN_UNUSED_VARIABLE = YES;
				IPHONEOS_DEPLOYMENT_TARGET = 10.2;
				MTL_ENABLE_DEBUG_INFO = YES;
				ONLY_ACTIVE_ARCH = YES;
				SDKROOT = iphoneos;
				SWIFT_ACTIVE_COMPILATION_CONDITIONS = DEBUG;
				SWIFT_OPTIMIZATION_LEVEL = "-Onone";
				TARGETED_DEVICE_FAMILY = "1,2";
			};
			name = Debug;
		};
		24C024261E907F8D003147DE /* Release */ = {
			isa = XCBuildConfiguration;
			buildSettings = {
				ALWAYS_SEARCH_USER_PATHS = NO;
				CLANG_ANALYZER_NONNULL = YES;
				CLANG_CXX_LANGUAGE_STANDARD = "gnu++0x";
				CLANG_CXX_LIBRARY = "libc++";
				CLANG_ENABLE_MODULES = YES;
				CLANG_ENABLE_OBJC_ARC = YES;
				CLANG_WARN_BOOL_CONVERSION = YES;
				CLANG_WARN_CONSTANT_CONVERSION = YES;
				CLANG_WARN_DIRECT_OBJC_ISA_USAGE = YES_ERROR;
				CLANG_WARN_DOCUMENTATION_COMMENTS = YES;
				CLANG_WARN_EMPTY_BODY = YES;
				CLANG_WARN_ENUM_CONVERSION = YES;
				CLANG_WARN_INFINITE_RECURSION = YES;
				CLANG_WARN_INT_CONVERSION = YES;
				CLANG_WARN_OBJC_ROOT_CLASS = YES_ERROR;
				CLANG_WARN_SUSPICIOUS_MOVE = YES;
				CLANG_WARN_UNREACHABLE_CODE = YES;
				CLANG_WARN__DUPLICATE_METHOD_MATCH = YES;
				"CODE_SIGN_IDENTITY[sdk=iphoneos*]" = "iPhone Developer";
				COPY_PHASE_STRIP = NO;
				DEBUG_INFORMATION_FORMAT = "dwarf-with-dsym";
				ENABLE_NS_ASSERTIONS = NO;
				ENABLE_STRICT_OBJC_MSGSEND = YES;
				GCC_C_LANGUAGE_STANDARD = gnu99;
				GCC_NO_COMMON_BLOCKS = YES;
				GCC_WARN_64_TO_32_BIT_CONVERSION = YES;
				GCC_WARN_ABOUT_RETURN_TYPE = YES_ERROR;
				GCC_WARN_UNDECLARED_SELECTOR = YES;
				GCC_WARN_UNINITIALIZED_AUTOS = YES_AGGRESSIVE;
				GCC_WARN_UNUSED_FUNCTION = YES;
				GCC_WARN_UNUSED_VARIABLE = YES;
				IPHONEOS_DEPLOYMENT_TARGET = 10.2;
				MTL_ENABLE_DEBUG_INFO = NO;
				SDKROOT = iphoneos;
				SWIFT_OPTIMIZATION_LEVEL = "-Owholemodule";
				TARGETED_DEVICE_FAMILY = "1,2";
				VALIDATE_PRODUCT = YES;
			};
			name = Release;
		};
		24C024281E907F8D003147DE /* Debug */ = {
			isa = XCBuildConfiguration;
			baseConfigurationReference = 8623B6051939BB5CBBDE03CD /* Pods-FacebookTest.debug.xcconfig */;
			buildSettings = {
				ASSETCATALOG_COMPILER_APPICON_NAME = AppIcon;
				DEVELOPMENT_TEAM = 22EPVXFNZ8;
				FRAMEWORK_SEARCH_PATHS = (
					"$(inherited)",
					"$(PROJECT_DIR)",
				);
				INFOPLIST_FILE = FacebookTest/Info.plist;
				LD_RUNPATH_SEARCH_PATHS = "$(inherited) @executable_path/Frameworks";
				PRODUCT_BUNDLE_IDENTIFIER = cse438.FacebookTest;
				PRODUCT_NAME = "$(TARGET_NAME)";
				SWIFT_VERSION = 3.0;
			};
			name = Debug;
		};
		24C024291E907F8D003147DE /* Release */ = {
			isa = XCBuildConfiguration;
			baseConfigurationReference = 91A9235A17A537C4FA627CD4 /* Pods-FacebookTest.release.xcconfig */;
			buildSettings = {
				ASSETCATALOG_COMPILER_APPICON_NAME = AppIcon;
				DEVELOPMENT_TEAM = 22EPVXFNZ8;
				FRAMEWORK_SEARCH_PATHS = (
					"$(inherited)",
					"$(PROJECT_DIR)",
					"~/Documents/FacebookSDKs-iOS-4.20.2",
				);
				INFOPLIST_FILE = FacebookTest/Info.plist;
				LD_RUNPATH_SEARCH_PATHS = "$(inherited) @executable_path/Frameworks";
				PRODUCT_BUNDLE_IDENTIFIER = cse438.FacebookTest;
				PRODUCT_NAME = "$(TARGET_NAME)";
				SWIFT_VERSION = 3.0;
			};
			name = Release;
		};
		24C0242B1E907F8D003147DE /* Debug */ = {
			isa = XCBuildConfiguration;
			baseConfigurationReference = 4196C1F1671672261BD11FF9 /* Pods-FacebookTestTests.debug.xcconfig */;
			buildSettings = {
				ALWAYS_EMBED_SWIFT_STANDARD_LIBRARIES = YES;
				BUNDLE_LOADER = "$(TEST_HOST)";
				INFOPLIST_FILE = FacebookTestTests/Info.plist;
				LD_RUNPATH_SEARCH_PATHS = "$(inherited) @executable_path/Frameworks @loader_path/Frameworks";
				PRODUCT_BUNDLE_IDENTIFIER = cse438.FacebookTestTests;
				PRODUCT_NAME = "$(TARGET_NAME)";
				SWIFT_VERSION = 3.0;
				TEST_HOST = "$(BUILT_PRODUCTS_DIR)/FacebookTest.app/FacebookTest";
			};
			name = Debug;
		};
		24C0242C1E907F8D003147DE /* Release */ = {
			isa = XCBuildConfiguration;
			baseConfigurationReference = 4DF41144A2F58FE3CD1A24CF /* Pods-FacebookTestTests.release.xcconfig */;
			buildSettings = {
				ALWAYS_EMBED_SWIFT_STANDARD_LIBRARIES = YES;
				BUNDLE_LOADER = "$(TEST_HOST)";
				INFOPLIST_FILE = FacebookTestTests/Info.plist;
				LD_RUNPATH_SEARCH_PATHS = "$(inherited) @executable_path/Frameworks @loader_path/Frameworks";
				PRODUCT_BUNDLE_IDENTIFIER = cse438.FacebookTestTests;
				PRODUCT_NAME = "$(TARGET_NAME)";
				SWIFT_VERSION = 3.0;
				TEST_HOST = "$(BUILT_PRODUCTS_DIR)/FacebookTest.app/FacebookTest";
			};
			name = Release;
		};
		24C0242E1E907F8D003147DE /* Debug */ = {
			isa = XCBuildConfiguration;
			baseConfigurationReference = DE6CCE9517C0E480604B6933 /* Pods-FacebookTestUITests.debug.xcconfig */;
			buildSettings = {
				ALWAYS_EMBED_SWIFT_STANDARD_LIBRARIES = YES;
				INFOPLIST_FILE = FacebookTestUITests/Info.plist;
				LD_RUNPATH_SEARCH_PATHS = "$(inherited) @executable_path/Frameworks @loader_path/Frameworks";
				PRODUCT_BUNDLE_IDENTIFIER = cse438.FacebookTestUITests;
				PRODUCT_NAME = "$(TARGET_NAME)";
				SWIFT_VERSION = 3.0;
				TEST_TARGET_NAME = FacebookTest;
			};
			name = Debug;
		};
		24C0242F1E907F8D003147DE /* Release */ = {
			isa = XCBuildConfiguration;
			baseConfigurationReference = A78ADA2F12416C05F6B4FC79 /* Pods-FacebookTestUITests.release.xcconfig */;
			buildSettings = {
				ALWAYS_EMBED_SWIFT_STANDARD_LIBRARIES = YES;
				INFOPLIST_FILE = FacebookTestUITests/Info.plist;
				LD_RUNPATH_SEARCH_PATHS = "$(inherited) @executable_path/Frameworks @loader_path/Frameworks";
				PRODUCT_BUNDLE_IDENTIFIER = cse438.FacebookTestUITests;
				PRODUCT_NAME = "$(TARGET_NAME)";
				SWIFT_VERSION = 3.0;
				TEST_TARGET_NAME = FacebookTest;
			};
			name = Release;
		};
/* End XCBuildConfiguration section */

/* Begin XCConfigurationList section */
		24C023FA1E907F8C003147DE /* Build configuration list for PBXProject "FacebookTest" */ = {
			isa = XCConfigurationList;
			buildConfigurations = (
				24C024251E907F8D003147DE /* Debug */,
				24C024261E907F8D003147DE /* Release */,
			);
			defaultConfigurationIsVisible = 0;
			defaultConfigurationName = Release;
		};
		24C024271E907F8D003147DE /* Build configuration list for PBXNativeTarget "FacebookTest" */ = {
			isa = XCConfigurationList;
			buildConfigurations = (
				24C024281E907F8D003147DE /* Debug */,
				24C024291E907F8D003147DE /* Release */,
			);
			defaultConfigurationIsVisible = 0;
			defaultConfigurationName = Release;
		};
		24C0242A1E907F8D003147DE /* Build configuration list for PBXNativeTarget "FacebookTestTests" */ = {
			isa = XCConfigurationList;
			buildConfigurations = (
				24C0242B1E907F8D003147DE /* Debug */,
				24C0242C1E907F8D003147DE /* Release */,
			);
			defaultConfigurationIsVisible = 0;
			defaultConfigurationName = Release;
		};
		24C0242D1E907F8D003147DE /* Build configuration list for PBXNativeTarget "FacebookTestUITests" */ = {
			isa = XCConfigurationList;
			buildConfigurations = (
				24C0242E1E907F8D003147DE /* Debug */,
				24C0242F1E907F8D003147DE /* Release */,
			);
			defaultConfigurationIsVisible = 0;
			defaultConfigurationName = Release;
		};
/* End XCConfigurationList section */
	};
	rootObject = 24C023F71E907F8C003147DE /* Project object */;
}
